
Microsoft Visual Studio Solution File, Format Version 12.00
# Visual Studio Version 17
VisualStudioVersion = 17.0.31612.314
MinimumVisualStudioVersion = 10.0.40219.1
Project("{FAE04EC0-301F-11D3-BF4B-00C04F79EFBC}") = "Asya.JwtManager", "Asya.JwtManager\Asya.JwtManager.csproj", "{633F7FA9-16CF-4B64-A4DF-C996C01C150D}"
EndProject
Global
	GlobalSection(SolutionConfigurationPlatforms) = preSolution
		Debug|Any CPU = Debug|Any CPU
		Release|Any CPU = Release|Any CPU
	EndGlobalSection
	GlobalSection(ProjectConfigurationPlatforms) = postSolution
		{633F7FA9-16CF-4B64-A4DF-C996C01C150D}.Debug|Any CPU.ActiveCfg = Debug|Any CPU
		{633F7FA9-16CF-4B64-A4DF-C996C01C150D}.Debug|Any CPU.Build.0 = Debug|Any CPU
		{633F7FA9-16CF-4B64-A4DF-C996C01C150D}.Release|Any CPU.ActiveCfg = Release|Any CPU
		{633F7FA9-16CF-4B64-A4DF-C996C01C150D}.Release|Any CPU.Build.0 = Release|Any CPU
	EndGlobalSection
	GlobalSection(SolutionProperties) = preSolution
		HideSolutionNode = FALSE
	EndGlobalSection
	GlobalSection(ExtensibilityGlobals) = postSolution
		SolutionGuid = {61E9F369-D1E2-4923-98BE-EF7AD60F8E77}
	EndGlobalSection
EndGlobal
